
Microsoft Visual Studio Solution File, Format Version 12.00
# Visual Studio Version 17
VisualStudioVersion = 17.0.31903.59
MinimumVisualStudioVersion = 10.0.40219.1
Project("{2150E333-8FDC-42A3-9474-1A3956D46DE8}") = "src", "src", "{827E0CD3-B72D-47B6-A68D-7590B98EB39B}"
EndProject
Project("{FAE04EC0-301F-11D3-BF4B-00C04F79EFBC}") = "e-Ticaret.Domain", "src\e-Ticaret.Domain\e-Ticaret.Domain.csproj", "{33F70FEC-A554-4737-8F1E-8F0FB92EBE79}"
EndProject
Project("{FAE04EC0-301F-11D3-BF4B-00C04F79EFBC}") = "e-Ticaret.Application", "src\e-Ticaret.Application\e-Ticaret.Application.csproj", "{7C0E723C-266A-43E5-9292-F63C55C45D8E}"
EndProject
Project("{FAE04EC0-301F-11D3-BF4B-00C04F79EFBC}") = "e-Ticaret.Infrastructure", "src\e-Ticaret.Infrastructure\e-Ticaret.Infrastructure.csproj", "{979CDAC9-51E3-426A-8832-6CBBD2ECC6B5}"
EndProject
Project("{FAE04EC0-301F-11D3-BF4B-00C04F79EFBC}") = "e-Ticaret.Service", "src\e-Ticaret.Service\e-Ticaret.Service.csproj", "{A94D8FAB-9650-4278-921C-9CBA361BF5FB}"
EndProject
Global
	GlobalSection(SolutionConfigurationPlatforms) = preSolution
		Debug|Any CPU = Debug|Any CPU
		Debug|x64 = Debug|x64
		Debug|x86 = Debug|x86
		Release|Any CPU = Release|Any CPU
		Release|x64 = Release|x64
		Release|x86 = Release|x86
	EndGlobalSection
	GlobalSection(ProjectConfigurationPlatforms) = postSolution
		{33F70FEC-A554-4737-8F1E-8F0FB92EBE79}.Debug|Any CPU.ActiveCfg = Debug|Any CPU
		{33F70FEC-A554-4737-8F1E-8F0FB92EBE79}.Debug|Any CPU.Build.0 = Debug|Any CPU
		{33F70FEC-A554-4737-8F1E-8F0FB92EBE79}.Debug|x64.ActiveCfg = Debug|Any CPU
		{33F70FEC-A554-4737-8F1E-8F0FB92EBE79}.Debug|x64.Build.0 = Debug|Any CPU
		{33F70FEC-A554-4737-8F1E-8F0FB92EBE79}.Debug|x86.ActiveCfg = Debug|Any CPU
		{33F70FEC-A554-4737-8F1E-8F0FB92EBE79}.Debug|x86.Build.0 = Debug|Any CPU
		{33F70FEC-A554-4737-8F1E-8F0FB92EBE79}.Release|Any CPU.ActiveCfg = Release|Any CPU
		{33F70FEC-A554-4737-8F1E-8F0FB92EBE79}.Release|Any CPU.Build.0 = Release|Any CPU
		{33F70FEC-A554-4737-8F1E-8F0FB92EBE79}.Release|x64.ActiveCfg = Release|Any CPU
		{33F70FEC-A554-4737-8F1E-8F0FB92EBE79}.Release|x64.Build.0 = Release|Any CPU
		{33F70FEC-A554-4737-8F1E-8F0FB92EBE79}.Release|x86.ActiveCfg = Release|Any CPU
		{33F70FEC-A554-4737-8F1E-8F0FB92EBE79}.Release|x86.Build.0 = Release|Any CPU
		{7C0E723C-266A-43E5-9292-F63C55C45D8E}.Debug|Any CPU.ActiveCfg = Debug|Any CPU
		{7C0E723C-266A-43E5-9292-F63C55C45D8E}.Debug|Any CPU.Build.0 = Debug|Any CPU
		{7C0E723C-266A-43E5-9292-F63C55C45D8E}.Debug|x64.ActiveCfg = Debug|Any CPU
		{7C0E723C-266A-43E5-9292-F63C55C45D8E}.Debug|x64.Build.0 = Debug|Any CPU
		{7C0E723C-266A-43E5-9292-F63C55C45D8E}.Debug|x86.ActiveCfg = Debug|Any CPU
		{7C0E723C-266A-43E5-9292-F63C55C45D8E}.Debug|x86.Build.0 = Debug|Any CPU
		{7C0E723C-266A-43E5-9292-F63C55C45D8E}.Release|Any CPU.ActiveCfg = Release|Any CPU
		{7C0E723C-266A-43E5-9292-F63C55C45D8E}.Release|Any CPU.Build.0 = Release|Any CPU
		{7C0E723C-266A-43E5-9292-F63C55C45D8E}.Release|x64.ActiveCfg = Release|Any CPU
		{7C0E723C-266A-43E5-9292-F63C55C45D8E}.Release|x64.Build.0 = Release|Any CPU
		{7C0E723C-266A-43E5-9292-F63C55C45D8E}.Release|x86.ActiveCfg = Release|Any CPU
		{7C0E723C-266A-43E5-9292-F63C55C45D8E}.Release|x86.Build.0 = Release|Any CPU
		{979CDAC9-51E3-426A-8832-6CBBD2ECC6B5}.Debug|Any CPU.ActiveCfg = Debug|Any CPU
		{979CDAC9-51E3-426A-8832-6CBBD2ECC6B5}.Debug|Any CPU.Build.0 = Debug|Any CPU
		{979CDAC9-51E3-426A-8832-6CBBD2ECC6B5}.Debug|x64.ActiveCfg = Debug|Any CPU
		{979CDAC9-51E3-426A-8832-6CBBD2ECC6B5}.Debug|x64.Build.0 = Debug|Any CPU
		{979CDAC9-51E3-426A-8832-6CBBD2ECC6B5}.Debug|x86.ActiveCfg = Debug|Any CPU
		{979CDAC9-51E3-426A-8832-6CBBD2ECC6B5}.Debug|x86.Build.0 = Debug|Any CPU
		{979CDAC9-51E3-426A-8832-6CBBD2ECC6B5}.Release|Any CPU.ActiveCfg = Release|Any CPU
		{979CDAC9-51E3-426A-8832-6CBBD2ECC6B5}.Release|Any CPU.Build.0 = Release|Any CPU
		{979CDAC9-51E3-426A-8832-6CBBD2ECC6B5}.Release|x64.ActiveCfg = Release|Any CPU
		{979CDAC9-51E3-426A-8832-6CBBD2ECC6B5}.Release|x64.Build.0 = Release|Any CPU
		{979CDAC9-51E3-426A-8832-6CBBD2ECC6B5}.Release|x86.ActiveCfg = Release|Any CPU
		{979CDAC9-51E3-426A-8832-6CBBD2ECC6B5}.Release|x86.Build.0 = Release|Any CPU
		{A94D8FAB-9650-4278-921C-9CBA361BF5FB}.Debug|Any CPU.ActiveCfg = Debug|Any CPU
		{A94D8FAB-9650-4278-921C-9CBA361BF5FB}.Debug|Any CPU.Build.0 = Debug|Any CPU
		{A94D8FAB-9650-4278-921C-9CBA361BF5FB}.Debug|x64.ActiveCfg = Debug|Any CPU
		{A94D8FAB-9650-4278-921C-9CBA361BF5FB}.Debug|x64.Build.0 = Debug|Any CPU
		{A94D8FAB-9650-4278-921C-9CBA361BF5FB}.Debug|x86.ActiveCfg = Debug|Any CPU
		{A94D8FAB-9650-4278-921C-9CBA361BF5FB}.Debug|x86.Build.0 = Debug|Any CPU
		{A94D8FAB-9650-4278-921C-9CBA361BF5FB}.Release|Any CPU.ActiveCfg = Release|Any CPU
		{A94D8FAB-9650-4278-921C-9CBA361BF5FB}.Release|Any CPU.Build.0 = Release|Any CPU
		{A94D8FAB-9650-4278-921C-9CBA361BF5FB}.Release|x64.ActiveCfg = Release|Any CPU
		{A94D8FAB-9650-4278-921C-9CBA361BF5FB}.Release|x64.Build.0 = Release|Any CPU
		{A94D8FAB-9650-4278-921C-9CBA361BF5FB}.Release|x86.ActiveCfg = Release|Any CPU
		{A94D8FAB-9650-4278-921C-9CBA361BF5FB}.Release|x86.Build.0 = Release|Any CPU
	EndGlobalSection
	GlobalSection(SolutionProperties) = preSolution
		HideSolutionNode = FALSE
	EndGlobalSection
	GlobalSection(NestedProjects) = preSolution
		{33F70FEC-A554-4737-8F1E-8F0FB92EBE79} = {827E0CD3-B72D-47B6-A68D-7590B98EB39B}
		{7C0E723C-266A-43E5-9292-F63C55C45D8E} = {827E0CD3-B72D-47B6-A68D-7590B98EB39B}
		{979CDAC9-51E3-426A-8832-6CBBD2ECC6B5} = {827E0CD3-B72D-47B6-A68D-7590B98EB39B}
		{A94D8FAB-9650-4278-921C-9CBA361BF5FB} = {827E0CD3-B72D-47B6-A68D-7590B98EB39B}
	EndGlobalSection
EndGlobal
